
Microsoft Visual Studio Solution File, Format Version 12.00
# Visual Studio Version 17
VisualStudioVersion = 17.5.002.0
MinimumVisualStudioVersion = 10.0.40219.1
Project("{9A19103F-16F7-4668-BE54-9A1E7A4F7556}") = "FinanceService", "FinanceService.csproj", "{26FF72AB-2241-4564-BBFD-00272EB17D95}"
EndProject
Project("{FAE04EC0-301F-11D3-BF4B-00C04F79EFBC}") = "FinanceClient", "..\FinanceClient\FinanceClient.csproj", "{22798070-E2BA-41DF-B60F-5840CE40CA75}"
EndProject
Global
	GlobalSection(SolutionConfigurationPlatforms) = preSolution
		Debug|Any CPU = Debug|Any CPU
		Release|Any CPU = Release|Any CPU
	EndGlobalSection
	GlobalSection(ProjectConfigurationPlatforms) = postSolution
		{26FF72AB-2241-4564-BBFD-00272EB17D95}.Debug|Any CPU.ActiveCfg = Debug|Any CPU
		{26FF72AB-2241-4564-BBFD-00272EB17D95}.Debug|Any CPU.Build.0 = Debug|Any CPU
		{26FF72AB-2241-4564-BBFD-00272EB17D95}.Release|Any CPU.ActiveCfg = Release|Any CPU
		{26FF72AB-2241-4564-BBFD-00272EB17D95}.Release|Any CPU.Build.0 = Release|Any CPU
		{22798070-E2BA-41DF-B60F-5840CE40CA75}.Debug|Any CPU.ActiveCfg = Debug|Any CPU
		{22798070-E2BA-41DF-B60F-5840CE40CA75}.Debug|Any CPU.Build.0 = Debug|Any CPU
		{22798070-E2BA-41DF-B60F-5840CE40CA75}.Release|Any CPU.ActiveCfg = Release|Any CPU
		{22798070-E2BA-41DF-B60F-5840CE40CA75}.Release|Any CPU.Build.0 = Release|Any CPU
	EndGlobalSection
	GlobalSection(SolutionProperties) = preSolution
		HideSolutionNode = FALSE
	EndGlobalSection
	GlobalSection(ExtensibilityGlobals) = postSolution
		SolutionGuid = {29DD05C0-4A46-4FBA-8AF2-DB4D014754A2}
	EndGlobalSection
EndGlobal
